
Microsoft Visual Studio Solution File, Format Version 12.00
# Visual Studio Version 17
VisualStudioVersion = 17.8.34309.116
MinimumVisualStudioVersion = 10.0.40219.1
Project("{FAE04EC0-301F-11D3-BF4B-00C04F79EFBC}") = "NetCoreCookie_0", "NetCoreCookie_0\NetCoreCookie_0.csproj", "{1C555A25-F001-4B97-B133-44179E945261}"
EndProject
Project("{2150E333-8FDC-42A3-9474-1A3956D46DE8}") = "Solution Items", "Solution Items", "{4A59B688-2AE5-482D-AA3A-D2843D94880F}"
	ProjectSection(SolutionItems) = preProject
		Notes.txt = Notes.txt
	EndProjectSection
EndProject
Global
	GlobalSection(SolutionConfigurationPlatforms) = preSolution
		Debug|Any CPU = Debug|Any CPU
		Release|Any CPU = Release|Any CPU
	EndGlobalSection
	GlobalSection(ProjectConfigurationPlatforms) = postSolution
		{1C555A25-F001-4B97-B133-44179E945261}.Debug|Any CPU.ActiveCfg = Debug|Any CPU
		{1C555A25-F001-4B97-B133-44179E945261}.Debug|Any CPU.Build.0 = Debug|Any CPU
		{1C555A25-F001-4B97-B133-44179E945261}.Release|Any CPU.ActiveCfg = Release|Any CPU
		{1C555A25-F001-4B97-B133-44179E945261}.Release|Any CPU.Build.0 = Release|Any CPU
	EndGlobalSection
	GlobalSection(SolutionProperties) = preSolution
		HideSolutionNode = FALSE
	EndGlobalSection
	GlobalSection(ExtensibilityGlobals) = postSolution
		SolutionGuid = {47075EE3-1CC6-4AA7-ACCA-D404BF2FF0A6}
	EndGlobalSection
EndGlobal
